// !$*UTF8*$!
{
	archiveVersion = 1;
	classes = {
	};
	objectVersion = 50;
	objects = {

/* Begin PBXBuildFile section */
		FF6FFADA2534D86C00592B74 /* AppDelegate.swift in Sources */ = {isa = PBXBuildFile; fileRef = FF6FFAD92534D86C00592B74 /* AppDelegate.swift */; };
		FF6FFADC2534D86C00592B74 /* SceneDelegate.swift in Sources */ = {isa = PBXBuildFile; fileRef = FF6FFADB2534D86C00592B74 /* SceneDelegate.swift */; };
		FF6FFADE2534D86C00592B74 /* ContentView.swift in Sources */ = {isa = PBXBuildFile; fileRef = FF6FFADD2534D86C00592B74 /* ContentView.swift */; };
		FF6FFAE02534D86E00592B74 /* Assets.xcassets in Resources */ = {isa = PBXBuildFile; fileRef = FF6FFADF2534D86E00592B74 /* Assets.xcassets */; };
		FF6FFAE32534D86E00592B74 /* Preview Assets.xcassets in Resources */ = {isa = PBXBuildFile; fileRef = FF6FFAE22534D86E00592B74 /* Preview Assets.xcassets */; };
		FF6FFAE62534D86E00592B74 /* LaunchScreen.storyboard in Resources */ = {isa = PBXBuildFile; fileRef = FF6FFAE42534D86E00592B74 /* LaunchScreen.storyboard */; };
		FF6FFB91253FCB5A00592B74 /* astronauts.json in Resources */ = {isa = PBXBuildFile; fileRef = FF6FFB8F253FCB5A00592B74 /* astronauts.json */; };
		FF6FFB92253FCB5A00592B74 /* missions.json in Resources */ = {isa = PBXBuildFile; fileRef = FF6FFB90253FCB5A00592B74 /* missions.json */; };
		FF6FFB94253FCC0800592B74 /* Astronaut.swift in Sources */ = {isa = PBXBuildFile; fileRef = FF6FFB93253FCC0800592B74 /* Astronaut.swift */; };
		FF6FFB96253FCECC00592B74 /* Bundle-Decodable.swift in Sources */ = {isa = PBXBuildFile; fileRef = FF6FFB95253FCECC00592B74 /* Bundle-Decodable.swift */; };
		FF6FFB98253FD33400592B74 /* Mission.swift in Sources */ = {isa = PBXBuildFile; fileRef = FF6FFB97253FD33400592B74 /* Mission.swift */; };
/* End PBXBuildFile section */

/* Begin PBXFileReference section */
		FF6FFAD62534D86C00592B74 /* MoonShot.app */ = {isa = PBXFileReference; explicitFileType = wrapper.application; includeInIndex = 0; path = MoonShot.app; sourceTree = BUILT_PRODUCTS_DIR; };
		FF6FFAD92534D86C00592B74 /* AppDelegate.swift */ = {isa = PBXFileReference; lastKnownFileType = sourcecode.swift; path = AppDelegate.swift; sourceTree = "<group>"; };
		FF6FFADB2534D86C00592B74 /* SceneDelegate.swift */ = {isa = PBXFileReference; lastKnownFileType = sourcecode.swift; path = SceneDelegate.swift; sourceTree = "<group>"; };
		FF6FFADD2534D86C00592B74 /* ContentView.swift */ = {isa = PBXFileReference; lastKnownFileType = sourcecode.swift; path = ContentView.swift; sourceTree = "<group>"; };
		FF6FFADF2534D86E00592B74 /* Assets.xcassets */ = {isa = PBXFileReference; lastKnownFileType = folder.assetcatalog; path = Assets.xcassets; sourceTree = "<group>"; };
		FF6FFAE22534D86E00592B74 /* Preview Assets.xcassets */ = {isa = PBXFileReference; lastKnownFileType = folder.assetcatalog; path = "Preview Assets.xcassets"; sourceTree = "<group>"; };
		FF6FFAE52534D86E00592B74 /* Base */ = {isa = PBXFileReference; lastKnownFileType = file.storyboard; name = Base; path = Base.lproj/LaunchScreen.storyboard; sourceTree = "<group>"; };
		FF6FFAE72534D86E00592B74 /* Info.plist */ = {isa = PBXFileReference; lastKnownFileType = text.plist.xml; path = Info.plist; sourceTree = "<group>"; };
		FF6FFB8F253FCB5A00592B74 /* astronauts.json */ = {isa = PBXFileReference; fileEncoding = 4; lastKnownFileType = text.json; path = astronauts.json; sourceTree = "<group>"; };
		FF6FFB90253FCB5A00592B74 /* missions.json */ = {isa = PBXFileReference; fileEncoding = 4; lastKnownFileType = text.json; path = missions.json; sourceTree = "<group>"; };
		FF6FFB93253FCC0800592B74 /* Astronaut.swift */ = {isa = PBXFileReference; lastKnownFileType = sourcecode.swift; path = Astronaut.swift; sourceTree = "<group>"; };
		FF6FFB95253FCECC00592B74 /* Bundle-Decodable.swift */ = {isa = PBXFileReference; lastKnownFileType = sourcecode.swift; path = "Bundle-Decodable.swift"; sourceTree = "<group>"; };
		FF6FFB97253FD33400592B74 /* Mission.swift */ = {isa = PBXFileReference; lastKnownFileType = sourcecode.swift; path = Mission.swift; sourceTree = "<group>"; };
/* End PBXFileReference section */

/* Begin PBXFrameworksBuildPhase section */
		FF6FFAD32534D86C00592B74 /* Frameworks */ = {
			isa = PBXFrameworksBuildPhase;
			buildActionMask = 2147483647;
			files = (
			);
			runOnlyForDeploymentPostprocessing = 0;
		};
/* End PBXFrameworksBuildPhase section */

/* Begin PBXGroup section */
		FF6FFACD2534D86C00592B74 = {
			isa = PBXGroup;
			children = (
				FF6FFAD82534D86C00592B74 /* MoonShot */,
				FF6FFAD72534D86C00592B74 /* Products */,
			);
			sourceTree = "<group>";
		};
		FF6FFAD72534D86C00592B74 /* Products */ = {
			isa = PBXGroup;
			children = (
				FF6FFAD62534D86C00592B74 /* MoonShot.app */,
			);
			name = Products;
			sourceTree = "<group>";
		};
		FF6FFAD82534D86C00592B74 /* MoonShot */ = {
			isa = PBXGroup;
			children = (
				FF6FFAD92534D86C00592B74 /* AppDelegate.swift */,
				FF6FFADB2534D86C00592B74 /* SceneDelegate.swift */,
				FF6FFADD2534D86C00592B74 /* ContentView.swift */,
				FF6FFB93253FCC0800592B74 /* Astronaut.swift */,
				FF6FFB95253FCECC00592B74 /* Bundle-Decodable.swift */,
				FF6FFB97253FD33400592B74 /* Mission.swift */,
				FF6FFB8F253FCB5A00592B74 /* astronauts.json */,
				FF6FFB90253FCB5A00592B74 /* missions.json */,
				FF6FFADF2534D86E00592B74 /* Assets.xcassets */,
				FF6FFAE42534D86E00592B74 /* LaunchScreen.storyboard */,
				FF6FFAE72534D86E00592B74 /* Info.plist */,
				FF6FFAE12534D86E00592B74 /* Preview Content */,
			);
			path = MoonShot;
			sourceTree = "<group>";
		};
		FF6FFAE12534D86E00592B74 /* Preview Content */ = {
			isa = PBXGroup;
			children = (
				FF6FFAE22534D86E00592B74 /* Preview Assets.xcassets */,
			);
			path = "Preview Content";
			sourceTree = "<group>";
		};
/* End PBXGroup section */

/* Begin PBXNativeTarget section */
		FF6FFAD52534D86C00592B74 /* MoonShot */ = {
			isa = PBXNativeTarget;
			buildConfigurationList = FF6FFAEA2534D86E00592B74 /* Build configuration list for PBXNativeTarget "MoonShot" */;
			buildPhases = (
				FF6FFAD22534D86C00592B74 /* Sources */,
				FF6FFAD32534D86C00592B74 /* Frameworks */,
				FF6FFAD42534D86C00592B74 /* Resources */,
			);
			buildRules = (
			);
			dependencies = (
			);
			name = MoonShot;
			productName = MoonShot;
			productReference = FF6FFAD62534D86C00592B74 /* MoonShot.app */;
			productType = "com.apple.product-type.application";
		};
/* End PBXNativeTarget section */

/* Begin PBXProject section */
		FF6FFACE2534D86C00592B74 /* Project object */ = {
			isa = PBXProject;
			attributes = {
				LastSwiftUpdateCheck = 1170;
				LastUpgradeCheck = 1170;
				ORGANIZATIONNAME = Shishira;
				TargetAttributes = {
					FF6FFAD52534D86C00592B74 = {
						CreatedOnToolsVersion = 11.7;
					};
				};
			};
			buildConfigurationList = FF6FFAD12534D86C00592B74 /* Build configuration list for PBXProject "MoonShot" */;
			compatibilityVersion = "Xcode 9.3";
			developmentRegion = en;
			hasScannedForEncodings = 0;
			knownRegions = (
				en,
				Base,
			);
			mainGroup = FF6FFACD2534D86C00592B74;
			productRefGroup = FF6FFAD72534D86C00592B74 /* Products */;
			projectDirPath = "";
			projectRoot = "";
			targets = (
				FF6FFAD52534D86C00592B74 /* MoonShot */,
			);
		};
/* End PBXProject section */

/* Begin PBXResourcesBuildPhase section */
		FF6FFAD42534D86C00592B74 /* Resources */ = {
			isa = PBXResourcesBuildPhase;
			buildActionMask = 2147483647;
			files = (
				FF6FFAE62534D86E00592B74 /* LaunchScreen.storyboard in Resources */,
				FF6FFB92253FCB5A00592B74 /* missions.json in Resources */,
				FF6FFAE32534D86E00592B74 /* Preview Assets.xcassets in Resources */,
				FF6FFAE02534D86E00592B74 /* Assets.xcassets in Resources */,
				FF6FFB91253FCB5A00592B74 /* astronauts.json in Resources */,
			);
			runOnlyForDeploymentPostprocessing = 0;
		};
/* End PBXResourcesBuildPhase section */

/* Begin PBXSourcesBuildPhase section */
		FF6FFAD22534D86C00592B74 /* Sources */ = {
			isa = PBXSourcesBuildPhase;
			buildActionMask = 2147483647;
			files = (
				FF6FFB98253FD33400592B74 /* Mission.swift in Sources */,
				FF6FFADA2534D86C00592B74 /* AppDelegate.swift in Sources */,
				FF6FFADC2534D86C00592B74 /* SceneDelegate.swift in Sources */,
				FF6FFB96253FCECC00592B74 /* Bundle-Decodable.swift in Sources */,
				FF6FFADE2534D86C00592B74 /* ContentView.swift in Sources */,
				FF6FFB94253FCC0800592B74 /* Astronaut.swift in Sources */,
			);
			runOnlyForDeploymentPostprocessing = 0;
		};
/* End PBXSourcesBuildPhase section */

/* Begin PBXVariantGroup section */
		FF6FFAE42534D86E00592B74 /* LaunchScreen.storyboard */ = {
			isa = PBXVariantGroup;
			children = (
				FF6FFAE52534D86E00592B74 /* Base */,
			);
			name = LaunchScreen.storyboard;
			sourceTree = "<group>";
		};
/* End PBXVariantGroup section */

/* Begin XCBuildConfiguration section */
		FF6FFAE82534D86E00592B74 /* Debug */ = {
			isa = XCBuildConfiguration;
			buildSettings = {
				ALWAYS_SEARCH_USER_PATHS = NO;
				CLANG_ANALYZER_NONNULL = YES;
				CLANG_ANALYZER_NUMBER_OBJECT_CONVERSION = YES_AGGRESSIVE;
				CLANG_CXX_LANGUAGE_STANDARD = "gnu++14";
				CLANG_CXX_LIBRARY = "libc++";
				CLANG_ENABLE_MODULES = YES;
				CLANG_ENABLE_OBJC_ARC = YES;
				CLANG_ENABLE_OBJC_WEAK = YES;
				CLANG_WARN_BLOCK_CAPTURE_AUTORELEASING = YES;
				CLANG_WARN_BOOL_CONVERSION = YES;
				CLANG_WARN_COMMA = YES;
				CLANG_WARN_CONSTANT_CONVERSION = YES;
				CLANG_WARN_DEPRECATED_OBJC_IMPLEMENTATIONS = YES;
				CLANG_WARN_DIRECT_OBJC_ISA_USAGE = YES_ERROR;
				CLANG_WARN_DOCUMENTATION_COMMENTS = YES;
				CLANG_WARN_EMPTY_BODY = YES;
				CLANG_WARN_ENUM_CONVERSION = YES;
				CLANG_WARN_INFINITE_RECURSION = YES;
				CLANG_WARN_INT_CONVERSION = YES;
				CLANG_WARN_NON_LITERAL_NULL_CONVERSION = YES;
				CLANG_WARN_OBJC_IMPLICIT_RETAIN_SELF = YES;
				CLANG_WARN_OBJC_LITERAL_CONVERSION = YES;
				CLANG_WARN_OBJC_ROOT_CLASS = YES_ERROR;
				CLANG_WARN_RANGE_LOOP_ANALYSIS = YES;
				CLANG_WARN_STRICT_PROTOTYPES = YES;
				CLANG_WARN_SUSPICIOUS_MOVE = YES;
				CLANG_WARN_UNGUARDED_AVAILABILITY = YES_AGGRESSIVE;
				CLANG_WARN_UNREACHABLE_CODE = YES;
				CLANG_WARN__DUPLICATE_METHOD_MATCH = YES;
				COPY_PHASE_STRIP = NO;
				DEBUG_INFORMATION_FORMAT = dwarf;
				ENABLE_STRICT_OBJC_MSGSEND = YES;
				ENABLE_TESTABILITY = YES;
				GCC_C_LANGUAGE_STANDARD = gnu11;
				GCC_DYNAMIC_NO_PIC = NO;
				GCC_NO_COMMON_BLOCKS = YES;
				GCC_OPTIMIZATION_LEVEL = 0;
				GCC_PREPROCESSOR_DEFINITIONS = (
					"DEBUG=1",
					"$(inherited)",
				);
				GCC_WARN_64_TO_32_BIT_CONVERSION = YES;
				GCC_WARN_ABOUT_RETURN_TYPE = YES_ERROR;
				GCC_WARN_UNDECLARED_SELECTOR = YES;
				GCC_WARN_UNINITIALIZED_AUTOS = YES_AGGRESSIVE;
				GCC_WARN_UNUSED_FUNCTION = YES;
				GCC_WARN_UNUSED_VARIABLE = YES;
				IPHONEOS_DEPLOYMENT_TARGET = 13.7;
				MTL_ENABLE_DEBUG_INFO = INCLUDE_SOURCE;
				MTL_FAST_MATH = YES;
				ONLY_ACTIVE_ARCH = YES;
				SDKROOT = iphoneos;
				SWIFT_ACTIVE_COMPILATION_CONDITIONS = DEBUG;
				SWIFT_OPTIMIZATION_LEVEL = "-Onone";
			};
			name = Debug;
		};
		FF6FFAE92534D86E00592B74 /* Release */ = {
			isa = XCBuildConfiguration;
			buildSettings = {
				ALWAYS_SEARCH_USER_PATHS = NO;
				CLANG_ANALYZER_NONNULL = YES;
				CLANG_ANALYZER_NUMBER_OBJECT_CONVERSION = YES_AGGRESSIVE;
				CLANG_CXX_LANGUAGE_STANDARD = "gnu++14";
				CLANG_CXX_LIBRARY = "libc++";
				CLANG_ENABLE_MODULES = YES;
				CLANG_ENABLE_OBJC_ARC = YES;
				CLANG_ENABLE_OBJC_WEAK = YES;
				CLANG_WARN_BLOCK_CAPTURE_AUTORELEASING = YES;
				CLANG_WARN_BOOL_CONVERSION = YES;
				CLANG_WARN_COMMA = YES;
				CLANG_WARN_CONSTANT_CONVERSION = YES;
				CLANG_WARN_DEPRECATED_OBJC_IMPLEMENTATIONS = YES;
				CLANG_WARN_DIRECT_OBJC_ISA_USAGE = YES_ERROR;
				CLANG_WARN_DOCUMENTATION_COMMENTS = YES;
				CLANG_WARN_EMPTY_BODY = YES;
				CLANG_WARN_ENUM_CONVERSION = YES;
				CLANG_WARN_INFINITE_RECURSION = YES;
				CLANG_WARN_INT_CONVERSION = YES;
				CLANG_WARN_NON_LITERAL_NULL_CONVERSION = YES;
				CLANG_WARN_OBJC_IMPLICIT_RETAIN_SELF = YES;
				CLANG_WARN_OBJC_LITERAL_CONVERSION = YES;
				CLANG_WARN_OBJC_ROOT_CLASS = YES_ERROR;
				CLANG_WARN_RANGE_LOOP_ANALYSIS = YES;
				CLANG_WARN_STRICT_PROTOTYPES = YES;
				CLANG_WARN_SUSPICIOUS_MOVE = YES;
				CLANG_WARN_UNGUARDED_AVAILABILITY = YES_AGGRESSIVE;
				CLANG_WARN_UNREACHABLE_CODE = YES;
				CLANG_WARN__DUPLICATE_METHOD_MATCH = YES;
				COPY_PHASE_STRIP = NO;
				DEBUG_INFORMATION_FORMAT = "dwarf-with-dsym";
				ENABLE_NS_ASSERTIONS = NO;
				ENABLE_STRICT_OBJC_MSGSEND = YES;
				GCC_C_LANGUAGE_STANDARD = gnu11;
				GCC_NO_COMMON_BLOCKS = YES;
				GCC_WARN_64_TO_32_BIT_CONVERSION = YES;
				GCC_WARN_ABOUT_RETURN_TYPE = YES_ERROR;
				GCC_WARN_UNDECLARED_SELECTOR = YES;
				GCC_WARN_UNINITIALIZED_AUTOS = YES_AGGRESSIVE;
				GCC_WARN_UNUSED_FUNCTION = YES;
				GCC_WARN_UNUSED_VARIABLE = YES;
				IPHONEOS_DEPLOYMENT_TARGET = 13.7;
				MTL_ENABLE_DEBUG_INFO = NO;
				MTL_FAST_MATH = YES;
				SDKROOT = iphoneos;
				SWIFT_COMPILATION_MODE = wholemodule;
				SWIFT_OPTIMIZATION_LEVEL = "-O";
				VALIDATE_PRODUCT = YES;
			};
			name = Release;
		};
		FF6FFAEB2534D86E00592B74 /* Debug */ = {
			isa = XCBuildConfiguration;
			buildSettings = {
				ASSETCATALOG_COMPILER_APPICON_NAME = AppIcon;
				CODE_SIGN_STYLE = Automatic;
				DEVELOPMENT_ASSET_PATHS = "\"MoonShot/Preview Content\"";
				ENABLE_PREVIEWS = YES;
				INFOPLIST_FILE = MoonShot/Info.plist;
				LD_RUNPATH_SEARCH_PATHS = (
					"$(inherited)",
					"@executable_path/Frameworks",
				);
				PRODUCT_BUNDLE_IDENTIFIER = com.Shishira.MoonShot;
				PRODUCT_NAME = "$(TARGET_NAME)";
				SWIFT_VERSION = 5.0;
				TARGETED_DEVICE_FAMILY = "1,2";
			};
			name = Debug;
		};
		FF6FFAEC2534D86E00592B74 /* Release */ = {
			isa = XCBuildConfiguration;
			buildSettings = {
				ASSETCATALOG_COMPILER_APPICON_NAME = AppIcon;
				CODE_SIGN_STYLE = Automatic;
				DEVELOPMENT_ASSET_PATHS = "\"MoonShot/Preview Content\"";
				ENABLE_PREVIEWS = YES;
				INFOPLIST_FILE = MoonShot/Info.plist;
				LD_RUNPATH_SEARCH_PATHS = (
					"$(inherited)",
					"@executable_path/Frameworks",
				);
				PRODUCT_BUNDLE_IDENTIFIER = com.Shishira.MoonShot;
				PRODUCT_NAME = "$(TARGET_NAME)";
				SWIFT_VERSION = 5.0;
				TARGETED_DEVICE_FAMILY = "1,2";
			};
			name = Release;
		};
/* End XCBuildConfiguration section */

/* Begin XCConfigurationList section */
		FF6FFAD12534D86C00592B74 /* Build configuration list for PBXProject "MoonShot" */ = {
			isa = XCConfigurationList;
			buildConfigurations = (
				FF6FFAE82534D86E00592B74 /* Debug */,
				FF6FFAE92534D86E00592B74 /* Release */,
			);
			defaultConfigurationIsVisible = 0;
			defaultConfigurationName = Release;
		};
		FF6FFAEA2534D86E00592B74 /* Build configuration list for PBXNativeTarget "MoonShot" */ = {
			isa = XCConfigurationList;
			buildConfigurations = (
				FF6FFAEB2534D86E00592B74 /* Debug */,
				FF6FFAEC2534D86E00592B74 /* Release */,
			);
			defaultConfigurationIsVisible = 0;
			defaultConfigurationName = Release;
		};
/* End XCConfigurationList section */
	};
	rootObject = FF6FFACE2534D86C00592B74 /* Project object */;
}
